Microsoft Visual Studio Solution File, Format Version 12.00
# Visual Studio 15
VisualStudioVersion = 15.0.28307.852
MinimumVisualStudioVersion = 10.0.40219.1
Project("{8BC9CEB8-8B4A-11D0-8D11-00A0C91BC942}") = "JumpBall", "JumpBall.vcxproj", "{EA69AE7B-BBB0-4927-8F61-FC8368033A0E}"
EndProject
Global
	GlobalSection(SolutionConfigurationPlatforms) = preSolution
		Debug|x86 = Debug|x86
		Release|x86 = Release|x86
	EndGlobalSection
	GlobalSection(ProjectConfigurationPlatforms) = postSolution
		{EA69AE7B-BBB0-4927-8F61-FC8368033A0E}.Debug|x86.ActiveCfg = Debug|Win32
		{EA69AE7B-BBB0-4927-8F61-FC8368033A0E}.Debug|x86.Build.0 = Debug|Win32
		{EA69AE7B-BBB0-4927-8F61-FC8368033A0E}.Release|x86.ActiveCfg = Release|Win32
		{EA69AE7B-BBB0-4927-8F61-FC8368033A0E}.Release|x86.Build.0 = Release|Win32
	EndGlobalSection
	GlobalSection(SolutionProperties) = preSolution
		HideSolutionNode = FALSE
	EndGlobalSection
	GlobalSection(ExtensibilityGlobals) = postSolution
		SolutionGuid = {0FE9194C-F941-4948-AC62-03E9EA3E5B10}
	EndGlobalSection
EndGlobal
